Microsoft Visual Studio Solution File, Format Version 11.00
# Visual Studio 2008

Project("{73D0C989-85CC-228D-BD99-912A712EB9E7}") = "Code Lab 1 - 2017", "Assembly-CSharp.csproj", "{4F188FE9-5444-678B-C3C4-7D02D99470D2}"
EndProject
Global
	GlobalSection(SolutionConfigurationPlatforms) = preSolution
		Debug|Any CPU = Debug|Any CPU
		Release|Any CPU = Release|Any CPU
	EndGlobalSection
	GlobalSection(ProjectConfigurationPlatforms) = postSolution
		{4F188FE9-5444-678B-C3C4-7D02D99470D2}.Debug|Any CPU.ActiveCfg = Debug|Any CPU
		{4F188FE9-5444-678B-C3C4-7D02D99470D2}.Debug|Any CPU.Build.0 = Debug|Any CPU
		{4F188FE9-5444-678B-C3C4-7D02D99470D2}.Release|Any CPU.ActiveCfg = Release|Any CPU
		{4F188FE9-5444-678B-C3C4-7D02D99470D2}.Release|Any CPU.Build.0 = Release|Any CPU
	EndGlobalSection
	GlobalSection(SolutionProperties) = preSolution
		HideSolutionNode = FALSE
	EndGlobalSection
	GlobalSection(MonoDevelopProperties) = preSolution
		StartupItem = Assembly-CSharp.csproj
	EndGlobalSection
EndGlobal
